// !$*UTF8*$!
{
	archiveVersion = 1;
	classes = {
	};
	objectVersion = 56;
	objects = {

/* Begin PBXBuildFile section */
		5C5D56E92DC10FA4BA926135 /* Pods_AgoraMccExServiceExample.framework in Frameworks */ = {isa = PBXBuildFile; fileRef = 536461312EEB0E3FEEA69932 /* Pods_AgoraMccExServiceExample.framework */; };
		F046C0692C0D9BA9000B76E9 /* AppDelegate.swift in Sources */ = {isa = PBXBuildFile; fileRef = F046C0682C0D9BA9000B76E9 /* AppDelegate.swift */; };
		F046C06B2C0D9BA9000B76E9 /* SceneDelegate.swift in Sources */ = {isa = PBXBuildFile; fileRef = F046C06A2C0D9BA9000B76E9 /* SceneDelegate.swift */; };
		F046C06D2C0D9BA9000B76E9 /* ViewController.swift in Sources */ = {isa = PBXBuildFile; fileRef = F046C06C2C0D9BA9000B76E9 /* ViewController.swift */; };
		F046C0702C0D9BA9000B76E9 /* Main.storyboard in Resources */ = {isa = PBXBuildFile; fileRef = F046C06E2C0D9BA9000B76E9 /* Main.storyboard */; };
		F046C0722C0D9BAA000B76E9 /* Assets.xcassets in Resources */ = {isa = PBXBuildFile; fileRef = F046C0712C0D9BAA000B76E9 /* Assets.xcassets */; };
		F046C0752C0D9BAA000B76E9 /* LaunchScreen.storyboard in Resources */ = {isa = PBXBuildFile; fileRef = F046C0732C0D9BAA000B76E9 /* LaunchScreen.storyboard */; };
		F046C07D2C0D9C28000B76E9 /* MCCManager.swift in Sources */ = {isa = PBXBuildFile; fileRef = F046C07C2C0D9C28000B76E9 /* MCCManager.swift */; };
		F046C0842C0D9D00000B76E9 /* AgoraMccExService.framework in Frameworks */ = {isa = PBXBuildFile; fileRef = F046C0832C0D9D00000B76E9 /* AgoraMccExService.framework */; };
		F046C0852C0D9D00000B76E9 /* AgoraMccExService.framework in Embed Frameworks */ = {isa = PBXBuildFile; fileRef = F046C0832C0D9D00000B76E9 /* AgoraMccExService.framework */; settings = {ATTRIBUTES = (CodeSignOnCopy, RemoveHeadersOnCopy, ); }; };
		F046C0882C0D9D1E000B76E9 /* Log.swift in Sources */ = {isa = PBXBuildFile; fileRef = F046C0872C0D9D1E000B76E9 /* Log.swift */; };
		F046C08A2C0D9D2B000B76E9 /* Config.swift in Sources */ = {isa = PBXBuildFile; fileRef = F046C0892C0D9D2B000B76E9 /* Config.swift */; };
/* End PBXBuildFile section */

/* Begin PBXCopyFilesBuildPhase section */
		F046C0862C0D9D00000B76E9 /* Embed Frameworks */ = {
			isa = PBXCopyFilesBuildPhase;
			buildActionMask = 2147483647;
			dstPath = "";
			dstSubfolderSpec = 10;
			files = (
				F046C0852C0D9D00000B76E9 /* AgoraMccExService.framework in Embed Frameworks */,
			);
			name = "Embed Frameworks";
			runOnlyForDeploymentPostprocessing = 0;
		};
/* End PBXCopyFilesBuildPhase section */

/* Begin PBXFileReference section */
		536461312EEB0E3FEEA69932 /* Pods_AgoraMccExServiceExample.framework */ = {isa = PBXFileReference; explicitFileType = wrapper.framework; includeInIndex = 0; path = Pods_AgoraMccExServiceExample.framework; sourceTree = BUILT_PRODUCTS_DIR; };
		62B0D166FF16E81B081D74BB /* Pods-AgoraMccExServiceExample.debug.xcconfig */ = {isa = PBXFileReference; includeInIndex = 1; lastKnownFileType = text.xcconfig; name = "Pods-AgoraMccExServiceExample.debug.xcconfig"; path = "Target Support Files/Pods-AgoraMccExServiceExample/Pods-AgoraMccExServiceExample.debug.xcconfig"; sourceTree = "<group>"; };
		A3E581D70FFE346C6983ABDB /* Pods-AgoraMccExServiceExample.release.xcconfig */ = {isa = PBXFileReference; includeInIndex = 1; lastKnownFileType = text.xcconfig; name = "Pods-AgoraMccExServiceExample.release.xcconfig"; path = "Target Support Files/Pods-AgoraMccExServiceExample/Pods-AgoraMccExServiceExample.release.xcconfig"; sourceTree = "<group>"; };
		F046C0652C0D9BA9000B76E9 /* AgoraMccExServiceExample.app */ = {isa = PBXFileReference; explicitFileType = wrapper.application; includeInIndex = 0; path = AgoraMccExServiceExample.app; sourceTree = BUILT_PRODUCTS_DIR; };
		F046C0682C0D9BA9000B76E9 /* AppDelegate.swift */ = {isa = PBXFileReference; lastKnownFileType = sourcecode.swift; path = AppDelegate.swift; sourceTree = "<group>"; };
		F046C06A2C0D9BA9000B76E9 /* SceneDelegate.swift */ = {isa = PBXFileReference; lastKnownFileType = sourcecode.swift; path = SceneDelegate.swift; sourceTree = "<group>"; };
		F046C06C2C0D9BA9000B76E9 /* ViewController.swift */ = {isa = PBXFileReference; lastKnownFileType = sourcecode.swift; path = ViewController.swift; sourceTree = "<group>"; };
		F046C06F2C0D9BA9000B76E9 /* Base */ = {isa = PBXFileReference; lastKnownFileType = file.storyboard; name = Base; path = Base.lproj/Main.storyboard; sourceTree = "<group>"; };
		F046C0712C0D9BAA000B76E9 /* Assets.xcassets */ = {isa = PBXFileReference; lastKnownFileType = folder.assetcatalog; path = Assets.xcassets; sourceTree = "<group>"; };
		F046C0742C0D9BAA000B76E9 /* Base */ = {isa = PBXFileReference; lastKnownFileType = file.storyboard; name = Base; path = Base.lproj/LaunchScreen.storyboard; sourceTree = "<group>"; };
		F046C0762C0D9BAA000B76E9 /* Info.plist */ = {isa = PBXFileReference; lastKnownFileType = text.plist.xml; path = Info.plist; sourceTree = "<group>"; };
		F046C07C2C0D9C28000B76E9 /* MCCManager.swift */ = {isa = PBXFileReference; fileEncoding = 4; lastKnownFileType = sourcecode.swift; path = MCCManager.swift; sourceTree = "<group>"; };
		F046C0832C0D9D00000B76E9 /* AgoraMccExService.framework */ = {isa = PBXFileReference; lastKnownFileType = wrapper.framework; name = AgoraMccExService.framework; path = SDK/AgoraMccExService.framework; sourceTree = "<group>"; };
		F046C0872C0D9D1E000B76E9 /* Log.swift */ = {isa = PBXFileReference; fileEncoding = 4; lastKnownFileType = sourcecode.swift; path = Log.swift; sourceTree = "<group>"; };
		F046C0892C0D9D2B000B76E9 /* Config.swift */ = {isa = PBXFileReference; fileEncoding = 4; lastKnownFileType = sourcecode.swift; path = Config.swift; sourceTree = "<group>"; };
/* End PBXFileReference section */

/* Begin PBXFrameworksBuildPhase section */
		F046C0622C0D9BA9000B76E9 /* Frameworks */ = {
			isa = PBXFrameworksBuildPhase;
			buildActionMask = 2147483647;
			files = (
				F046C0842C0D9D00000B76E9 /* AgoraMccExService.framework in Frameworks */,
				5C5D56E92DC10FA4BA926135 /* Pods_AgoraMccExServiceExample.framework in Frameworks */,
			);
			runOnlyForDeploymentPostprocessing = 0;
		};
/* End PBXFrameworksBuildPhase section */

/* Begin PBXGroup section */
		35946590DEAB933BE18A4B79 /* Frameworks */ = {
			isa = PBXGroup;
			children = (
				F046C0832C0D9D00000B76E9 /* AgoraMccExService.framework */,
				536461312EEB0E3FEEA69932 /* Pods_AgoraMccExServiceExample.framework */,
			);
			name = Frameworks;
			sourceTree = "<group>";
		};
		9C00964867324351F7D890BE /* Pods */ = {
			isa = PBXGroup;
			children = (
				62B0D166FF16E81B081D74BB /* Pods-AgoraMccExServiceExample.debug.xcconfig */,
				A3E581D70FFE346C6983ABDB /* Pods-AgoraMccExServiceExample.release.xcconfig */,
			);
			path = Pods;
			sourceTree = "<group>";
		};
		F046C05C2C0D9BA9000B76E9 = {
			isa = PBXGroup;
			children = (
				F046C0672C0D9BA9000B76E9 /* AgoraMccExServiceExample */,
				F046C0662C0D9BA9000B76E9 /* Products */,
				9C00964867324351F7D890BE /* Pods */,
				35946590DEAB933BE18A4B79 /* Frameworks */,
			);
			sourceTree = "<group>";
		};
		F046C0662C0D9BA9000B76E9 /* Products */ = {
			isa = PBXGroup;
			children = (
				F046C0652C0D9BA9000B76E9 /* AgoraMccExServiceExample.app */,
			);
			name = Products;
			sourceTree = "<group>";
		};
		F046C0672C0D9BA9000B76E9 /* AgoraMccExServiceExample */ = {
			isa = PBXGroup;
			children = (
				F046C0682C0D9BA9000B76E9 /* AppDelegate.swift */,
				F046C06A2C0D9BA9000B76E9 /* SceneDelegate.swift */,
				F046C06C2C0D9BA9000B76E9 /* ViewController.swift */,
				F046C07C2C0D9C28000B76E9 /* MCCManager.swift */,
				F046C0872C0D9D1E000B76E9 /* Log.swift */,
				F046C0892C0D9D2B000B76E9 /* Config.swift */,
				F046C06E2C0D9BA9000B76E9 /* Main.storyboard */,
				F046C0712C0D9BAA000B76E9 /* Assets.xcassets */,
				F046C0732C0D9BAA000B76E9 /* LaunchScreen.storyboard */,
				F046C0762C0D9BAA000B76E9 /* Info.plist */,
			);
			path = AgoraMccExServiceExample;
			sourceTree = "<group>";
		};
/* End PBXGroup section */

/* Begin PBXNativeTarget section */
		F046C0642C0D9BA9000B76E9 /* AgoraMccExServiceExample */ = {
			isa = PBXNativeTarget;
			buildConfigurationList = F046C0792C0D9BAA000B76E9 /* Build configuration list for PBXNativeTarget "AgoraMccExServiceExample" */;
			buildPhases = (
				0BFD23C5134526B731790D16 /* [CP] Check Pods Manifest.lock */,
				F046C0612C0D9BA9000B76E9 /* Sources */,
				F046C0622C0D9BA9000B76E9 /* Frameworks */,
				F046C0632C0D9BA9000B76E9 /* Resources */,
				413D587A51A2F75BC035B0C1 /* [CP] Embed Pods Frameworks */,
				F046C0862C0D9D00000B76E9 /* Embed Frameworks */,
			);
			buildRules = (
			);
			dependencies = (
			);
			name = AgoraMccExServiceExample;
			productName = AgoraMccExServiceExample;
			productReference = F046C0652C0D9BA9000B76E9 /* AgoraMccExServiceExample.app */;
			productType = "com.apple.product-type.application";
		};
/* End PBXNativeTarget section */

/* Begin PBXProject section */
		F046C05D2C0D9BA9000B76E9 /* Project object */ = {
			isa = PBXProject;
			attributes = {
				BuildIndependentTargetsInParallel = 1;
				LastSwiftUpdateCheck = 1430;
				LastUpgradeCheck = 1430;
				TargetAttributes = {
					F046C0642C0D9BA9000B76E9 = {
						CreatedOnToolsVersion = 14.3.1;
					};
				};
			};
			buildConfigurationList = F046C0602C0D9BA9000B76E9 /* Build configuration list for PBXProject "AgoraMccExServiceExample" */;
			compatibilityVersion = "Xcode 14.0";
			developmentRegion = en;
			hasScannedForEncodings = 0;
			knownRegions = (
				en,
				Base,
			);
			mainGroup = F046C05C2C0D9BA9000B76E9;
			productRefGroup = F046C0662C0D9BA9000B76E9 /* Products */;
			projectDirPath = "";
			projectRoot = "";
			targets = (
				F046C0642C0D9BA9000B76E9 /* AgoraMccExServiceExample */,
			);
		};
/* End PBXProject section */

/* Begin PBXResourcesBuildPhase section */
		F046C0632C0D9BA9000B76E9 /* Resources */ = {
			isa = PBXResourcesBuildPhase;
			buildActionMask = 2147483647;
			files = (
				F046C0752C0D9BAA000B76E9 /* LaunchScreen.storyboard in Resources */,
				F046C0722C0D9BAA000B76E9 /* Assets.xcassets in Resources */,
				F046C0702C0D9BA9000B76E9 /* Main.storyboard in Resources */,
			);
			runOnlyForDeploymentPostprocessing = 0;
		};
/* End PBXResourcesBuildPhase section */

/* Begin PBXShellScriptBuildPhase section */
		0BFD23C5134526B731790D16 /* [CP] Check Pods Manifest.lock */ = {
			isa = PBXShellScriptBuildPhase;
			buildActionMask = 2147483647;
			files = (
			);
			inputFileListPaths = (
			);
			inputPaths = (
				"${PODS_PODFILE_DIR_PATH}/Podfile.lock",
				"${PODS_ROOT}/Manifest.lock",
			);
			name = "[CP] Check Pods Manifest.lock";
			outputFileListPaths = (
			);
			outputPaths = (
				"$(DERIVED_FILE_DIR)/Pods-AgoraMccExServiceExample-checkManifestLockResult.txt",
			);
			runOnlyForDeploymentPostprocessing = 0;
			shellPath = /bin/sh;
			shellScript = "diff \"${PODS_PODFILE_DIR_PATH}/Podfile.lock\" \"${PODS_ROOT}/Manifest.lock\" > /dev/null\nif [ $? != 0 ] ; then\n    # print error to STDERR\n    echo \"error: The sandbox is not in sync with the Podfile.lock. Run 'pod install' or update your CocoaPods installation.\" >&2\n    exit 1\nfi\n# This output is used by Xcode 'outputs' to avoid re-running this script phase.\necho \"SUCCESS\" > \"${SCRIPT_OUTPUT_FILE_0}\"\n";
			showEnvVarsInLog = 0;
		};
		413D587A51A2F75BC035B0C1 /* [CP] Embed Pods Frameworks */ = {
			isa = PBXShellScriptBuildPhase;
			buildActionMask = 2147483647;
			files = (
			);
			inputFileListPaths = (
				"${PODS_ROOT}/Target Support Files/Pods-AgoraMccExServiceExample/Pods-AgoraMccExServiceExample-frameworks-${CONFIGURATION}-input-files.xcfilelist",
			);
			name = "[CP] Embed Pods Frameworks";
			outputFileListPaths = (
				"${PODS_ROOT}/Target Support Files/Pods-AgoraMccExServiceExample/Pods-AgoraMccExServiceExample-frameworks-${CONFIGURATION}-output-files.xcfilelist",
			);
			runOnlyForDeploymentPostprocessing = 0;
			shellPath = /bin/sh;
			shellScript = "\"${PODS_ROOT}/Target Support Files/Pods-AgoraMccExServiceExample/Pods-AgoraMccExServiceExample-frameworks.sh\"\n";
			showEnvVarsInLog = 0;
		};
/* End PBXShellScriptBuildPhase section */

/* Begin PBXSourcesBuildPhase section */
		F046C0612C0D9BA9000B76E9 /* Sources */ = {
			isa = PBXSourcesBuildPhase;
			buildActionMask = 2147483647;
			files = (
				F046C06D2C0D9BA9000B76E9 /* ViewController.swift in Sources */,
				F046C07D2C0D9C28000B76E9 /* MCCManager.swift in Sources */,
				F046C0882C0D9D1E000B76E9 /* Log.swift in Sources */,
				F046C0692C0D9BA9000B76E9 /* AppDelegate.swift in Sources */,
				F046C06B2C0D9BA9000B76E9 /* SceneDelegate.swift in Sources */,
				F046C08A2C0D9D2B000B76E9 /* Config.swift in Sources */,
			);
			runOnlyForDeploymentPostprocessing = 0;
		};
/* End PBXSourcesBuildPhase section */

/* Begin PBXVariantGroup section */
		F046C06E2C0D9BA9000B76E9 /* Main.storyboard */ = {
			isa = PBXVariantGroup;
			children = (
				F046C06F2C0D9BA9000B76E9 /* Base */,
			);
			name = Main.storyboard;
			sourceTree = "<group>";
		};
		F046C0732C0D9BAA000B76E9 /* LaunchScreen.storyboard */ = {
			isa = PBXVariantGroup;
			children = (
				F046C0742C0D9BAA000B76E9 /* Base */,
			);
			name = LaunchScreen.storyboard;
			sourceTree = "<group>";
		};
/* End PBXVariantGroup section */

/* Begin XCBuildConfiguration section */
		F046C0772C0D9BAA000B76E9 /* Debug */ = {
			isa = XCBuildConfiguration;
			buildSettings = {
				ALWAYS_SEARCH_USER_PATHS = NO;
				CLANG_ANALYZER_NONNULL = YES;
				CLANG_ANALYZER_NUMBER_OBJECT_CONVERSION = YES_AGGRESSIVE;
				CLANG_CXX_LANGUAGE_STANDARD = "gnu++20";
				CLANG_ENABLE_MODULES = YES;
				CLANG_ENABLE_OBJC_ARC = YES;
				CLANG_ENABLE_OBJC_WEAK = YES;
				CLANG_WARN_BLOCK_CAPTURE_AUTORELEASING = YES;
				CLANG_WARN_BOOL_CONVERSION = YES;
				CLANG_WARN_COMMA = YES;
				CLANG_WARN_CONSTANT_CONVERSION = YES;
				CLANG_WARN_DEPRECATED_OBJC_IMPLEMENTATIONS = YES;
				CLANG_WARN_DIRECT_OBJC_ISA_USAGE = YES_ERROR;
				CLANG_WARN_DOCUMENTATION_COMMENTS = YES;
				CLANG_WARN_EMPTY_BODY = YES;
				CLANG_WARN_ENUM_CONVERSION = YES;
				CLANG_WARN_INFINITE_RECURSION = YES;
				CLANG_WARN_INT_CONVERSION = YES;
				CLANG_WARN_NON_LITERAL_NULL_CONVERSION = YES;
				CLANG_WARN_OBJC_IMPLICIT_RETAIN_SELF = YES;
				CLANG_WARN_OBJC_LITERAL_CONVERSION = YES;
				CLANG_WARN_OBJC_ROOT_CLASS = YES_ERROR;
				CLANG_WARN_QUOTED_INCLUDE_IN_FRAMEWORK_HEADER = YES;
				CLANG_WARN_RANGE_LOOP_ANALYSIS = YES;
				CLANG_WARN_STRICT_PROTOTYPES = YES;
				CLANG_WARN_SUSPICIOUS_MOVE = YES;
				CLANG_WARN_UNGUARDED_AVAILABILITY = YES_AGGRESSIVE;
				CLANG_WARN_UNREACHABLE_CODE = YES;
				CLANG_WARN__DUPLICATE_METHOD_MATCH = YES;
				COPY_PHASE_STRIP = NO;
				DEBUG_INFORMATION_FORMAT = dwarf;
				ENABLE_STRICT_OBJC_MSGSEND = YES;
				ENABLE_TESTABILITY = YES;
				GCC_C_LANGUAGE_STANDARD = gnu11;
				GCC_DYNAMIC_NO_PIC = NO;
				GCC_NO_COMMON_BLOCKS = YES;
				GCC_OPTIMIZATION_LEVEL = 0;
				GCC_PREPROCESSOR_DEFINITIONS = (
					"DEBUG=1",
					"$(inherited)",
				);
				GCC_WARN_64_TO_32_BIT_CONVERSION = YES;
				GCC_WARN_ABOUT_RETURN_TYPE = YES_ERROR;
				GCC_WARN_UNDECLARED_SELECTOR = YES;
				GCC_WARN_UNINITIALIZED_AUTOS = YES_AGGRESSIVE;
				GCC_WARN_UNUSED_FUNCTION = YES;
				GCC_WARN_UNUSED_VARIABLE = YES;
				IPHONEOS_DEPLOYMENT_TARGET = 16.4;
				MTL_ENABLE_DEBUG_INFO = INCLUDE_SOURCE;
				MTL_FAST_MATH = YES;
				ONLY_ACTIVE_ARCH = YES;
				SDKROOT = iphoneos;
				SWIFT_ACTIVE_COMPILATION_CONDITIONS = DEBUG;
				SWIFT_OPTIMIZATION_LEVEL = "-Onone";
			};
			name = Debug;
		};
		F046C0782C0D9BAA000B76E9 /* Release */ = {
			isa = XCBuildConfiguration;
			buildSettings = {
				ALWAYS_SEARCH_USER_PATHS = NO;
				CLANG_ANALYZER_NONNULL = YES;
				CLANG_ANALYZER_NUMBER_OBJECT_CONVERSION = YES_AGGRESSIVE;
				CLANG_CXX_LANGUAGE_STANDARD = "gnu++20";
				CLANG_ENABLE_MODULES = YES;
				CLANG_ENABLE_OBJC_ARC = YES;
				CLANG_ENABLE_OBJC_WEAK = YES;
				CLANG_WARN_BLOCK_CAPTURE_AUTORELEASING = YES;
				CLANG_WARN_BOOL_CONVERSION = YES;
				CLANG_WARN_COMMA = YES;
				CLANG_WARN_CONSTANT_CONVERSION = YES;
				CLANG_WARN_DEPRECATED_OBJC_IMPLEMENTATIONS = YES;
				CLANG_WARN_DIRECT_OBJC_ISA_USAGE = YES_ERROR;
				CLANG_WARN_DOCUMENTATION_COMMENTS = YES;
				CLANG_WARN_EMPTY_BODY = YES;
				CLANG_WARN_ENUM_CONVERSION = YES;
				CLANG_WARN_INFINITE_RECURSION = YES;
				CLANG_WARN_INT_CONVERSION = YES;
				CLANG_WARN_NON_LITERAL_NULL_CONVERSION = YES;
				CLANG_WARN_OBJC_IMPLICIT_RETAIN_SELF = YES;
				CLANG_WARN_OBJC_LITERAL_CONVERSION = YES;
				CLANG_WARN_OBJC_ROOT_CLASS = YES_ERROR;
				CLANG_WARN_QUOTED_INCLUDE_IN_FRAMEWORK_HEADER = YES;
				CLANG_WARN_RANGE_LOOP_ANALYSIS = YES;
				CLANG_WARN_STRICT_PROTOTYPES = YES;
				CLANG_WARN_SUSPICIOUS_MOVE = YES;
				CLANG_WARN_UNGUARDED_AVAILABILITY = YES_AGGRESSIVE;
				CLANG_WARN_UNREACHABLE_CODE = YES;
				CLANG_WARN__DUPLICATE_METHOD_MATCH = YES;
				COPY_PHASE_STRIP = NO;
				DEBUG_INFORMATION_FORMAT = "dwarf-with-dsym";
				ENABLE_NS_ASSERTIONS = NO;
				ENABLE_STRICT_OBJC_MSGSEND = YES;
				GCC_C_LANGUAGE_STANDARD = gnu11;
				GCC_NO_COMMON_BLOCKS = YES;
				GCC_WARN_64_TO_32_BIT_CONVERSION = YES;
				GCC_WARN_ABOUT_RETURN_TYPE = YES_ERROR;
				GCC_WARN_UNDECLARED_SELECTOR = YES;
				GCC_WARN_UNINITIALIZED_AUTOS = YES_AGGRESSIVE;
				GCC_WARN_UNUSED_FUNCTION = YES;
				GCC_WARN_UNUSED_VARIABLE = YES;
				IPHONEOS_DEPLOYMENT_TARGET = 16.4;
				MTL_ENABLE_DEBUG_INFO = NO;
				MTL_FAST_MATH = YES;
				SDKROOT = iphoneos;
				SWIFT_COMPILATION_MODE = wholemodule;
				SWIFT_OPTIMIZATION_LEVEL = "-O";
				VALIDATE_PRODUCT = YES;
			};
			name = Release;
		};
		F046C07A2C0D9BAA000B76E9 /* Debug */ = {
			isa = XCBuildConfiguration;
			baseConfigurationReference = 62B0D166FF16E81B081D74BB /* Pods-AgoraMccExServiceExample.debug.xcconfig */;
			buildSettings = {
				ASSETCATALOG_COMPILER_APPICON_NAME = AppIcon;
				ASSETCATALOG_COMPILER_GLOBAL_ACCENT_COLOR_NAME = AccentColor;
				CODE_SIGN_STYLE = Automatic;
				CURRENT_PROJECT_VERSION = 1;
				DEVELOPMENT_TEAM = 5S4QSMZLCU;
				FRAMEWORK_SEARCH_PATHS = (
					"$(inherited)",
					"$(PROJECT_DIR)/SDK",
				);
				GENERATE_INFOPLIST_FILE = YES;
				INFOPLIST_FILE = AgoraMccExServiceExample/Info.plist;
				INFOPLIST_KEY_NSMicrophoneUsageDescription = "use microphone";
				INFOPLIST_KEY_UIApplicationSupportsIndirectInputEvents = YES;
				INFOPLIST_KEY_UILaunchStoryboardName = LaunchScreen;
				INFOPLIST_KEY_UIMainStoryboardFile = Main;
				INFOPLIST_KEY_UISupportedInterfaceOrientations_iPad = "UIInterfaceOrientationPortrait UIInterfaceOrientationPortraitUpsideDown UIInterfaceOrientationLandscapeLeft UIInterfaceOrientationLandscapeRight";
				INFOPLIST_KEY_UISupportedInterfaceOrientations_iPhone = "UIInterfaceOrientationPortrait UIInterfaceOrientationLandscapeLeft UIInterfaceOrientationLandscapeRight";
				LD_RUNPATH_SEARCH_PATHS = (
					"$(inherited)",
					"@executable_path/Frameworks",
				);
				MARKETING_VERSION = 1.0;
				PRODUCT_BUNDLE_IDENTIFIER = com.agora.AgoraMccExServiceExample;
				PRODUCT_NAME = "$(TARGET_NAME)";
				SWIFT_EMIT_LOC_STRINGS = YES;
				SWIFT_VERSION = 5.0;
				TARGETED_DEVICE_FAMILY = "1,2";
			};
			name = Debug;
		};
		F046C07B2C0D9BAA000B76E9 /* Release */ = {
			isa = XCBuildConfiguration;
			baseConfigurationReference = A3E581D70FFE346C6983ABDB /* Pods-AgoraMccExServiceExample.release.xcconfig */;
			buildSettings = {
				ASSETCATALOG_COMPILER_APPICON_NAME = AppIcon;
				ASSETCATALOG_COMPILER_GLOBAL_ACCENT_COLOR_NAME = AccentColor;
				CODE_SIGN_STYLE = Automatic;
				CURRENT_PROJECT_VERSION = 1;
				DEVELOPMENT_TEAM = 5S4QSMZLCU;
				FRAMEWORK_SEARCH_PATHS = (
					"$(inherited)",
					"$(PROJECT_DIR)/SDK",
				);
				GENERATE_INFOPLIST_FILE = YES;
				INFOPLIST_FILE = AgoraMccExServiceExample/Info.plist;
				INFOPLIST_KEY_NSMicrophoneUsageDescription = "use microphone";
				INFOPLIST_KEY_UIApplicationSupportsIndirectInputEvents = YES;
				INFOPLIST_KEY_UILaunchStoryboardName = LaunchScreen;
				INFOPLIST_KEY_UIMainStoryboardFile = Main;
				INFOPLIST_KEY_UISupportedInterfaceOrientations_iPad = "UIInterfaceOrientationPortrait UIInterfaceOrientationPortraitUpsideDown UIInterfaceOrientationLandscapeLeft UIInterfaceOrientationLandscapeRight";
				INFOPLIST_KEY_UISupportedInterfaceOrientations_iPhone = "UIInterfaceOrientationPortrait UIInterfaceOrientationLandscapeLeft UIInterfaceOrientationLandscapeRight";
				LD_RUNPATH_SEARCH_PATHS = (
					"$(inherited)",
					"@executable_path/Frameworks",
				);
				MARKETING_VERSION = 1.0;
				PRODUCT_BUNDLE_IDENTIFIER = com.agora.AgoraMccExServiceExample;
				PRODUCT_NAME = "$(TARGET_NAME)";
				SWIFT_EMIT_LOC_STRINGS = YES;
				SWIFT_VERSION = 5.0;
				TARGETED_DEVICE_FAMILY = "1,2";
			};
			name = Release;
		};
/* End XCBuildConfiguration section */

/* Begin XCConfigurationList section */
		F046C0602C0D9BA9000B76E9 /* Build configuration list for PBXProject "AgoraMccExServiceExample" */ = {
			isa = XCConfigurationList;
			buildConfigurations = (
				F046C0772C0D9BAA000B76E9 /* Debug */,
				F046C0782C0D9BAA000B76E9 /* Release */,
			);
			defaultConfigurationIsVisible = 0;
			defaultConfigurationName = Release;
		};
		F046C0792C0D9BAA000B76E9 /* Build configuration list for PBXNativeTarget "AgoraMccExServiceExample" */ = {
			isa = XCConfigurationList;
			buildConfigurations = (
				F046C07A2C0D9BAA000B76E9 /* Debug */,
				F046C07B2C0D9BAA000B76E9 /* Release */,
			);
			defaultConfigurationIsVisible = 0;
			defaultConfigurationName = Release;
		};
/* End XCConfigurationList section */
	};
	rootObject = F046C05D2C0D9BA9000B76E9 /* Project object */;
}
